
Microsoft Visual Studio Solution File, Format Version 12.00
# Visual Studio 15
Project("{FAE04EC0-301F-11D3-BF4B-00C04F79EFBC}") = "Unity.2D.Tilemap.Extras", "Unity.2D.Tilemap.Extras.csproj", "{0131BFD1-108C-2ACF-F930-88050B1BD777}"
EndProject
Project("{FAE04EC0-301F-11D3-BF4B-00C04F79EFBC}") = "Assembly-CSharp", "Assembly-CSharp.csproj", "{1E2368FE-766A-A607-E1EA-2A4F552FDBDA}"
EndProject
Project("{FAE04EC0-301F-11D3-BF4B-00C04F79EFBC}") = "Unity.2D.Tilemap.Extras.Editor", "Unity.2D.Tilemap.Extras.Editor.csproj", "{57E42BEC-7E1B-B2DF-216A-7B79FDF1EF89}"
EndProject
Project("{FAE04EC0-301F-11D3-BF4B-00C04F79EFBC}") = "Unity.2D.Tilemap.Extras.Placeholder.EditorTests", "Unity.2D.Tilemap.Extras.Placeholder.EditorTests.csproj", "{79A689EA-DEC0-B3B4-C46F-CA480EF463EE}"
EndProject
Global
	GlobalSection(SolutionConfigurationPlatforms) = preSolution
		Debug|Any CPU = Debug|Any CPU
		Release|Any CPU = Release|Any CPU
	EndGlobalSection
	GlobalSection(ProjectConfigurationPlatforms) = postSolution
		{0131BFD1-108C-2ACF-F930-88050B1BD777}.Debug|Any CPU.ActiveCfg = Debug|Any CPU
		{0131BFD1-108C-2ACF-F930-88050B1BD777}.Debug|Any CPU.Build.0 = Debug|Any CPU
		{0131BFD1-108C-2ACF-F930-88050B1BD777}.Release|Any CPU.ActiveCfg = Release|Any CPU
		{0131BFD1-108C-2ACF-F930-88050B1BD777}.Release|Any CPU.Build.0 = Release|Any CPU
		{1E2368FE-766A-A607-E1EA-2A4F552FDBDA}.Debug|Any CPU.ActiveCfg = Debug|Any CPU
		{1E2368FE-766A-A607-E1EA-2A4F552FDBDA}.Debug|Any CPU.Build.0 = Debug|Any CPU
		{1E2368FE-766A-A607-E1EA-2A4F552FDBDA}.Release|Any CPU.ActiveCfg = Release|Any CPU
		{1E2368FE-766A-A607-E1EA-2A4F552FDBDA}.Release|Any CPU.Build.0 = Release|Any CPU
		{57E42BEC-7E1B-B2DF-216A-7B79FDF1EF89}.Debug|Any CPU.ActiveCfg = Debug|Any CPU
		{57E42BEC-7E1B-B2DF-216A-7B79FDF1EF89}.Debug|Any CPU.Build.0 = Debug|Any CPU
		{57E42BEC-7E1B-B2DF-216A-7B79FDF1EF89}.Release|Any CPU.ActiveCfg = Release|Any CPU
		{57E42BEC-7E1B-B2DF-216A-7B79FDF1EF89}.Release|Any CPU.Build.0 = Release|Any CPU
		{79A689EA-DEC0-B3B4-C46F-CA480EF463EE}.Debug|Any CPU.ActiveCfg = Debug|Any CPU
		{79A689EA-DEC0-B3B4-C46F-CA480EF463EE}.Debug|Any CPU.Build.0 = Debug|Any CPU
		{79A689EA-DEC0-B3B4-C46F-CA480EF463EE}.Release|Any CPU.ActiveCfg = Release|Any CPU
		{79A689EA-DEC0-B3B4-C46F-CA480EF463EE}.Release|Any CPU.Build.0 = Release|Any CPU
	EndGlobalSection
	GlobalSection(SolutionProperties) = preSolution
		HideSolutionNode = FALSE
	EndGlobalSection
EndGlobal
